
Microsoft Visual Studio Solution File, Format Version 12.00
# Visual Studio Version 17
VisualStudioVersion = 17.14.36811.4
MinimumVisualStudioVersion = 10.0.40219.1
Project("{FAE04EC0-301F-11D3-BF4B-00C04F79EFBC}") = "EtteremNyilvantartoRendszer", "EtteremNyilvantartoRendszer.csproj", "{14003EBF-044B-3059-93A4-233DC456A343}"
EndProject
Global
	GlobalSection(SolutionConfigurationPlatforms) = preSolution
		Debug|Any CPU = Debug|Any CPU
		Release|Any CPU = Release|Any CPU
	EndGlobalSection
	GlobalSection(ProjectConfigurationPlatforms) = postSolution
		{14003EBF-044B-3059-93A4-233DC456A343}.Debug|Any CPU.ActiveCfg = Debug|Any CPU
		{14003EBF-044B-3059-93A4-233DC456A343}.Debug|Any CPU.Build.0 = Debug|Any CPU
		{14003EBF-044B-3059-93A4-233DC456A343}.Release|Any CPU.ActiveCfg = Release|Any CPU
		{14003EBF-044B-3059-93A4-233DC456A343}.Release|Any CPU.Build.0 = Release|Any CPU
	EndGlobalSection
	GlobalSection(SolutionProperties) = preSolution
		HideSolutionNode = FALSE
	EndGlobalSection
	GlobalSection(ExtensibilityGlobals) = postSolution
		SolutionGuid = {A8826415-886F-4B90-8AEC-6FA641D374D3}
	EndGlobalSection
EndGlobal
